// !$*UTF8*$!
{
	archiveVersion = 1;
	classes = {
	};
	objectVersion = 51;
	objects = {

/* Begin PBXBuildFile section */
		45F2037A23811DFD00B42831 /* AppDelegate.swift in Sources */ = {isa = PBXBuildFile; fileRef = 45F2037923811DFD00B42831 /* AppDelegate.swift */; };
		45F2037C23811DFD00B42831 /* SceneDelegate.swift in Sources */ = {isa = PBXBuildFile; fileRef = 45F2037B23811DFD00B42831 /* SceneDelegate.swift */; };
		45F2038323811E0000B42831 /* Assets.xcassets in Resources */ = {isa = PBXBuildFile; fileRef = 45F2038223811E0000B42831 /* Assets.xcassets */; };
		45F2038623811E0000B42831 /* LaunchScreen.storyboard in Resources */ = {isa = PBXBuildFile; fileRef = 45F2038423811E0000B42831 /* LaunchScreen.storyboard */; };
		45F2038F238126D500B42831 /* NewsListViewController.storyboard in Resources */ = {isa = PBXBuildFile; fileRef = 45F2038E238126D500B42831 /* NewsListViewController.storyboard */; };
		45F20391238126FA00B42831 /* NewsListViewController.swift in Sources */ = {isa = PBXBuildFile; fileRef = 45F20390238126FA00B42831 /* NewsListViewController.swift */; };
		45F20395238128EC00B42831 /* NewsInfoCell.swift in Sources */ = {isa = PBXBuildFile; fileRef = 45F20393238128EC00B42831 /* NewsInfoCell.swift */; };
		45F20396238128EC00B42831 /* NewsInfoCell.xib in Resources */ = {isa = PBXBuildFile; fileRef = 45F20394238128EC00B42831 /* NewsInfoCell.xib */; };
		45F2039923812A8000B42831 /* Article.swift in Sources */ = {isa = PBXBuildFile; fileRef = 45F2039823812A8000B42831 /* Article.swift */; };
		45F2039C23812F1C00B42831 /* URLRequest+Observable.swift in Sources */ = {isa = PBXBuildFile; fileRef = 45F2039B23812F1C00B42831 /* URLRequest+Observable.swift */; };
		45F203A02381504A00B42831 /* NewsListViewModel.swift in Sources */ = {isa = PBXBuildFile; fileRef = 45F2039F2381504A00B42831 /* NewsListViewModel.swift */; };
		E66ED40C2793A66F1BECBF9D /* Pods_RxSwift_NewsApp_MVVM.framework in Frameworks */ = {isa = PBXBuildFile; fileRef = EE0536908F3744063BAD051E /* Pods_RxSwift_NewsApp_MVVM.framework */; };
/* End PBXBuildFile section */

/* Begin PBXFileReference section */
		45F2037623811DFD00B42831 /* RxSwift-NewsApp-MVVM.app */ = {isa = PBXFileReference; explicitFileType = wrapper.application; includeInIndex = 0; path = "RxSwift-NewsApp-MVVM.app"; sourceTree = BUILT_PRODUCTS_DIR; };
		45F2037923811DFD00B42831 /* AppDelegate.swift */ = {isa = PBXFileReference; lastKnownFileType = sourcecode.swift; path = AppDelegate.swift; sourceTree = "<group>"; };
		45F2037B23811DFD00B42831 /* SceneDelegate.swift */ = {isa = PBXFileReference; lastKnownFileType = sourcecode.swift; path = SceneDelegate.swift; sourceTree = "<group>"; };
		45F2038223811E0000B42831 /* Assets.xcassets */ = {isa = PBXFileReference; lastKnownFileType = folder.assetcatalog; path = Assets.xcassets; sourceTree = "<group>"; };
		45F2038523811E0000B42831 /* Base */ = {isa = PBXFileReference; lastKnownFileType = file.storyboard; name = Base; path = Base.lproj/LaunchScreen.storyboard; sourceTree = "<group>"; };
		45F2038723811E0000B42831 /* Info.plist */ = {isa = PBXFileReference; lastKnownFileType = text.plist.xml; path = Info.plist; sourceTree = "<group>"; };
		45F2038E238126D500B42831 /* NewsListViewController.storyboard */ = {isa = PBXFileReference; lastKnownFileType = file.storyboard; path = NewsListViewController.storyboard; sourceTree = "<group>"; };
		45F20390238126FA00B42831 /* NewsListViewController.swift */ = {isa = PBXFileReference; lastKnownFileType = sourcecode.swift; path = NewsListViewController.swift; sourceTree = "<group>"; };
		45F20393238128EC00B42831 /* NewsInfoCell.swift */ = {isa = PBXFileReference; lastKnownFileType = sourcecode.swift; path = NewsInfoCell.swift; sourceTree = "<group>"; };
		45F20394238128EC00B42831 /* NewsInfoCell.xib */ = {isa = PBXFileReference; lastKnownFileType = file.xib; path = NewsInfoCell.xib; sourceTree = "<group>"; };
		45F2039823812A8000B42831 /* Article.swift */ = {isa = PBXFileReference; lastKnownFileType = sourcecode.swift; path = Article.swift; sourceTree = "<group>"; };
		45F2039B23812F1C00B42831 /* URLRequest+Observable.swift */ = {isa = PBXFileReference; lastKnownFileType = sourcecode.swift; path = "URLRequest+Observable.swift"; sourceTree = "<group>"; };
		45F2039F2381504A00B42831 /* NewsListViewModel.swift */ = {isa = PBXFileReference; lastKnownFileType = sourcecode.swift; path = NewsListViewModel.swift; sourceTree = "<group>"; };
		80A2E208BBC6FEA8F66374B4 /* Pods-RxSwift-NewsApp-MVVM.debug.xcconfig */ = {isa = PBXFileReference; includeInIndex = 1; lastKnownFileType = text.xcconfig; name = "Pods-RxSwift-NewsApp-MVVM.debug.xcconfig"; path = "Target Support Files/Pods-RxSwift-NewsApp-MVVM/Pods-RxSwift-NewsApp-MVVM.debug.xcconfig"; sourceTree = "<group>"; };
		EE0536908F3744063BAD051E /* Pods_RxSwift_NewsApp_MVVM.framework */ = {isa = PBXFileReference; explicitFileType = wrapper.framework; includeInIndex = 0; path = Pods_RxSwift_NewsApp_MVVM.framework; sourceTree = BUILT_PRODUCTS_DIR; };
		FBD8A50543D0CB7C8AEFCD85 /* Pods-RxSwift-NewsApp-MVVM.release.xcconfig */ = {isa = PBXFileReference; includeInIndex = 1; lastKnownFileType = text.xcconfig; name = "Pods-RxSwift-NewsApp-MVVM.release.xcconfig"; path = "Target Support Files/Pods-RxSwift-NewsApp-MVVM/Pods-RxSwift-NewsApp-MVVM.release.xcconfig"; sourceTree = "<group>"; };
/* End PBXFileReference section */

/* Begin PBXFrameworksBuildPhase section */
		45F2037323811DFD00B42831 /* Frameworks */ = {
			isa = PBXFrameworksBuildPhase;
			buildActionMask = 2147483647;
			files = (
				E66ED40C2793A66F1BECBF9D /* Pods_RxSwift_NewsApp_MVVM.framework in Frameworks */,
			);
			runOnlyForDeploymentPostprocessing = 0;
		};
/* End PBXFrameworksBuildPhase section */

/* Begin PBXGroup section */
		45F2036D23811DFC00B42831 = {
			isa = PBXGroup;
			children = (
				45F2037823811DFD00B42831 /* RxSwift-NewsApp-MVVM */,
				45F2037723811DFD00B42831 /* Products */,
				93229C41482A451C0A76B8A8 /* Pods */,
				54E8C978C5A8A88290B4A211 /* Frameworks */,
			);
			sourceTree = "<group>";
		};
		45F2037723811DFD00B42831 /* Products */ = {
			isa = PBXGroup;
			children = (
				45F2037623811DFD00B42831 /* RxSwift-NewsApp-MVVM.app */,
			);
			name = Products;
			sourceTree = "<group>";
		};
		45F2037823811DFD00B42831 /* RxSwift-NewsApp-MVVM */ = {
			isa = PBXGroup;
			children = (
				45F2039723812A4900B42831 /* Model */,
				45F20392238128CE00B42831 /* View */,
				45F2039D23814F4100B42831 /* ViewModel */,
				45F2039A23812F0800B42831 /* Extension */,
				45F2039E23814F7700B42831 /* Other */,
			);
			path = "RxSwift-NewsApp-MVVM";
			sourceTree = "<group>";
		};
		45F20392238128CE00B42831 /* View */ = {
			isa = PBXGroup;
			children = (
				45F2038E238126D500B42831 /* NewsListViewController.storyboard */,
				45F20390238126FA00B42831 /* NewsListViewController.swift */,
				45F20393238128EC00B42831 /* NewsInfoCell.swift */,
				45F20394238128EC00B42831 /* NewsInfoCell.xib */,
			);
			path = View;
			sourceTree = "<group>";
		};
		45F2039723812A4900B42831 /* Model */ = {
			isa = PBXGroup;
			children = (
				45F2039823812A8000B42831 /* Article.swift */,
			);
			path = Model;
			sourceTree = "<group>";
		};
		45F2039A23812F0800B42831 /* Extension */ = {
			isa = PBXGroup;
			children = (
				45F2039B23812F1C00B42831 /* URLRequest+Observable.swift */,
			);
			path = Extension;
			sourceTree = "<group>";
		};
		45F2039D23814F4100B42831 /* ViewModel */ = {
			isa = PBXGroup;
			children = (
				45F2039F2381504A00B42831 /* NewsListViewModel.swift */,
			);
			path = ViewModel;
			sourceTree = "<group>";
		};
		45F2039E23814F7700B42831 /* Other */ = {
			isa = PBXGroup;
			children = (
				45F2037923811DFD00B42831 /* AppDelegate.swift */,
				45F2037B23811DFD00B42831 /* SceneDelegate.swift */,
				45F2038223811E0000B42831 /* Assets.xcassets */,
				45F2038423811E0000B42831 /* LaunchScreen.storyboard */,
				45F2038723811E0000B42831 /* Info.plist */,
			);
			path = Other;
			sourceTree = "<group>";
		};
		54E8C978C5A8A88290B4A211 /* Frameworks */ = {
			isa = PBXGroup;
			children = (
				EE0536908F3744063BAD051E /* Pods_RxSwift_NewsApp_MVVM.framework */,
			);
			name = Frameworks;
			sourceTree = "<group>";
		};
		93229C41482A451C0A76B8A8 /* Pods */ = {
			isa = PBXGroup;
			children = (
				80A2E208BBC6FEA8F66374B4 /* Pods-RxSwift-NewsApp-MVVM.debug.xcconfig */,
				FBD8A50543D0CB7C8AEFCD85 /* Pods-RxSwift-NewsApp-MVVM.release.xcconfig */,
			);
			path = Pods;
			sourceTree = "<group>";
		};
/* End PBXGroup section */

/* Begin PBXNativeTarget section */
		45F2037523811DFD00B42831 /* RxSwift-NewsApp-MVVM */ = {
			isa = PBXNativeTarget;
			buildConfigurationList = 45F2038A23811E0000B42831 /* Build configuration list for PBXNativeTarget "RxSwift-NewsApp-MVVM" */;
			buildPhases = (
				AE9AD3DE451B074C4109A440 /* [CP] Check Pods Manifest.lock */,
				45F2037223811DFD00B42831 /* Sources */,
				45F2037323811DFD00B42831 /* Frameworks */,
				45F2037423811DFD00B42831 /* Resources */,
				26290EB545D38968E43EF5C8 /* [CP] Embed Pods Frameworks */,
			);
			buildRules = (
			);
			dependencies = (
			);
			name = "RxSwift-NewsApp-MVVM";
			productName = "RxSwift-NewsApp-MVVM";
			productReference = 45F2037623811DFD00B42831 /* RxSwift-NewsApp-MVVM.app */;
			productType = "com.apple.product-type.application";
		};
/* End PBXNativeTarget section */

/* Begin PBXProject section */
		45F2036E23811DFC00B42831 /* Project object */ = {
			isa = PBXProject;
			attributes = {
				LastSwiftUpdateCheck = 1120;
				LastUpgradeCheck = 1120;
				ORGANIZATIONNAME = kawaharadai;
				TargetAttributes = {
					45F2037523811DFD00B42831 = {
						CreatedOnToolsVersion = 11.2.1;
					};
				};
			};
			buildConfigurationList = 45F2037123811DFC00B42831 /* Build configuration list for PBXProject "RxSwift-NewsApp-MVVM" */;
			compatibilityVersion = "Xcode 9.3";
			developmentRegion = en;
			hasScannedForEncodings = 0;
			knownRegions = (
				en,
				Base,
			);
			mainGroup = 45F2036D23811DFC00B42831;
			productRefGroup = 45F2037723811DFD00B42831 /* Products */;
			projectDirPath = "";
			projectRoot = "";
			targets = (
				45F2037523811DFD00B42831 /* RxSwift-NewsApp-MVVM */,
			);
		};
/* End PBXProject section */

/* Begin PBXResourcesBuildPhase section */
		45F2037423811DFD00B42831 /* Resources */ = {
			isa = PBXResourcesBuildPhase;
			buildActionMask = 2147483647;
			files = (
				45F2038F238126D500B42831 /* NewsListViewController.storyboard in Resources */,
				45F2038623811E0000B42831 /* LaunchScreen.storyboard in Resources */,
				45F20396238128EC00B42831 /* NewsInfoCell.xib in Resources */,
				45F2038323811E0000B42831 /* Assets.xcassets in Resources */,
			);
			runOnlyForDeploymentPostprocessing = 0;
		};
/* End PBXResourcesBuildPhase section */

/* Begin PBXShellScriptBuildPhase section */
		26290EB545D38968E43EF5C8 /* [CP] Embed Pods Frameworks */ = {
			isa = PBXShellScriptBuildPhase;
			buildActionMask = 2147483647;
			files = (
			);
			inputFileListPaths = (
				"${PODS_ROOT}/Target Support Files/Pods-RxSwift-NewsApp-MVVM/Pods-RxSwift-NewsApp-MVVM-frameworks-${CONFIGURATION}-input-files.xcfilelist",
			);
			name = "[CP] Embed Pods Frameworks";
			outputFileListPaths = (
				"${PODS_ROOT}/Target Support Files/Pods-RxSwift-NewsApp-MVVM/Pods-RxSwift-NewsApp-MVVM-frameworks-${CONFIGURATION}-output-files.xcfilelist",
			);
			runOnlyForDeploymentPostprocessing = 0;
			shellPath = /bin/sh;
			shellScript = "\"${PODS_ROOT}/Target Support Files/Pods-RxSwift-NewsApp-MVVM/Pods-RxSwift-NewsApp-MVVM-frameworks.sh\"\n";
			showEnvVarsInLog = 0;
		};
		AE9AD3DE451B074C4109A440 /* [CP] Check Pods Manifest.lock */ = {
			isa = PBXShellScriptBuildPhase;
			buildActionMask = 2147483647;
			files = (
			);
			inputFileListPaths = (
			);
			inputPaths = (
				"${PODS_PODFILE_DIR_PATH}/Podfile.lock",
				"${PODS_ROOT}/Manifest.lock",
			);
			name = "[CP] Check Pods Manifest.lock";
			outputFileListPaths = (
			);
			outputPaths = (
				"$(DERIVED_FILE_DIR)/Pods-RxSwift-NewsApp-MVVM-checkManifestLockResult.txt",
			);
			runOnlyForDeploymentPostprocessing = 0;
			shellPath = /bin/sh;
			shellScript = "diff \"${PODS_PODFILE_DIR_PATH}/Podfile.lock\" \"${PODS_ROOT}/Manifest.lock\" > /dev/null\nif [ $? != 0 ] ; then\n    # print error to STDERR\n    echo \"error: The sandbox is not in sync with the Podfile.lock. Run 'pod install' or update your CocoaPods installation.\" >&2\n    exit 1\nfi\n# This output is used by Xcode 'outputs' to avoid re-running this script phase.\necho \"SUCCESS\" > \"${SCRIPT_OUTPUT_FILE_0}\"\n";
			showEnvVarsInLog = 0;
		};
/* End PBXShellScriptBuildPhase section */

/* Begin PBXSourcesBuildPhase section */
		45F2037223811DFD00B42831 /* Sources */ = {
			isa = PBXSourcesBuildPhase;
			buildActionMask = 2147483647;
			files = (
				45F2039C23812F1C00B42831 /* URLRequest+Observable.swift in Sources */,
				45F203A02381504A00B42831 /* NewsListViewModel.swift in Sources */,
				45F20391238126FA00B42831 /* NewsListViewController.swift in Sources */,
				45F2037A23811DFD00B42831 /* AppDelegate.swift in Sources */,
				45F20395238128EC00B42831 /* NewsInfoCell.swift in Sources */,
				45F2037C23811DFD00B42831 /* SceneDelegate.swift in Sources */,
				45F2039923812A8000B42831 /* Article.swift in Sources */,
			);
			runOnlyForDeploymentPostprocessing = 0;
		};
/* End PBXSourcesBuildPhase section */

/* Begin PBXVariantGroup section */
		45F2038423811E0000B42831 /* LaunchScreen.storyboard */ = {
			isa = PBXVariantGroup;
			children = (
				45F2038523811E0000B42831 /* Base */,
			);
			name = LaunchScreen.storyboard;
			sourceTree = "<group>";
		};
/* End PBXVariantGroup section */

/* Begin XCBuildConfiguration section */
		45F2038823811E0000B42831 /* Debug */ = {
			isa = XCBuildConfiguration;
			buildSettings = {
				ALWAYS_SEARCH_USER_PATHS = NO;
				CLANG_ANALYZER_NONNULL = YES;
				CLANG_ANALYZER_NUMBER_OBJECT_CONVERSION = YES_AGGRESSIVE;
				CLANG_CXX_LANGUAGE_STANDARD = "gnu++14";
				CLANG_CXX_LIBRARY = "libc++";
				CLANG_ENABLE_MODULES = YES;
				CLANG_ENABLE_OBJC_ARC = YES;
				CLANG_ENABLE_OBJC_WEAK = YES;
				CLANG_WARN_BLOCK_CAPTURE_AUTORELEASING = YES;
				CLANG_WARN_BOOL_CONVERSION = YES;
				CLANG_WARN_COMMA = YES;
				CLANG_WARN_CONSTANT_CONVERSION = YES;
				CLANG_WARN_DEPRECATED_OBJC_IMPLEMENTATIONS = YES;
				CLANG_WARN_DIRECT_OBJC_ISA_USAGE = YES_ERROR;
				CLANG_WARN_DOCUMENTATION_COMMENTS = YES;
				CLANG_WARN_EMPTY_BODY = YES;
				CLANG_WARN_ENUM_CONVERSION = YES;
				CLANG_WARN_INFINITE_RECURSION = YES;
				CLANG_WARN_INT_CONVERSION = YES;
				CLANG_WARN_NON_LITERAL_NULL_CONVERSION = YES;
				CLANG_WARN_OBJC_IMPLICIT_RETAIN_SELF = YES;
				CLANG_WARN_OBJC_LITERAL_CONVERSION = YES;
				CLANG_WARN_OBJC_ROOT_CLASS = YES_ERROR;
				CLANG_WARN_RANGE_LOOP_ANALYSIS = YES;
				CLANG_WARN_STRICT_PROTOTYPES = YES;
				CLANG_WARN_SUSPICIOUS_MOVE = YES;
				CLANG_WARN_UNGUARDED_AVAILABILITY = YES_AGGRESSIVE;
				CLANG_WARN_UNREACHABLE_CODE = YES;
				CLANG_WARN__DUPLICATE_METHOD_MATCH = YES;
				COPY_PHASE_STRIP = NO;
				DEBUG_INFORMATION_FORMAT = dwarf;
				ENABLE_STRICT_OBJC_MSGSEND = YES;
				ENABLE_TESTABILITY = YES;
				GCC_C_LANGUAGE_STANDARD = gnu11;
				GCC_DYNAMIC_NO_PIC = NO;
				GCC_NO_COMMON_BLOCKS = YES;
				GCC_OPTIMIZATION_LEVEL = 0;
				GCC_PREPROCESSOR_DEFINITIONS = (
					"DEBUG=1",
					"$(inherited)",
				);
				GCC_WARN_64_TO_32_BIT_CONVERSION = YES;
				GCC_WARN_ABOUT_RETURN_TYPE = YES_ERROR;
				GCC_WARN_UNDECLARED_SELECTOR = YES;
				GCC_WARN_UNINITIALIZED_AUTOS = YES_AGGRESSIVE;
				GCC_WARN_UNUSED_FUNCTION = YES;
				GCC_WARN_UNUSED_VARIABLE = YES;
				IPHONEOS_DEPLOYMENT_TARGET = 13.2;
				MTL_ENABLE_DEBUG_INFO = INCLUDE_SOURCE;
				MTL_FAST_MATH = YES;
				ONLY_ACTIVE_ARCH = YES;
				SDKROOT = iphoneos;
				SWIFT_ACTIVE_COMPILATION_CONDITIONS = DEBUG;
				SWIFT_OPTIMIZATION_LEVEL = "-Onone";
			};
			name = Debug;
		};
		45F2038923811E0000B42831 /* Release */ = {
			isa = XCBuildConfiguration;
			buildSettings = {
				ALWAYS_SEARCH_USER_PATHS = NO;
				CLANG_ANALYZER_NONNULL = YES;
				CLANG_ANALYZER_NUMBER_OBJECT_CONVERSION = YES_AGGRESSIVE;
				CLANG_CXX_LANGUAGE_STANDARD = "gnu++14";
				CLANG_CXX_LIBRARY = "libc++";
				CLANG_ENABLE_MODULES = YES;
				CLANG_ENABLE_OBJC_ARC = YES;
				CLANG_ENABLE_OBJC_WEAK = YES;
				CLANG_WARN_BLOCK_CAPTURE_AUTORELEASING = YES;
				CLANG_WARN_BOOL_CONVERSION = YES;
				CLANG_WARN_COMMA = YES;
				CLANG_WARN_CONSTANT_CONVERSION = YES;
				CLANG_WARN_DEPRECATED_OBJC_IMPLEMENTATIONS = YES;
				CLANG_WARN_DIRECT_OBJC_ISA_USAGE = YES_ERROR;
				CLANG_WARN_DOCUMENTATION_COMMENTS = YES;
				CLANG_WARN_EMPTY_BODY = YES;
				CLANG_WARN_ENUM_CONVERSION = YES;
				CLANG_WARN_INFINITE_RECURSION = YES;
				CLANG_WARN_INT_CONVERSION = YES;
				CLANG_WARN_NON_LITERAL_NULL_CONVERSION = YES;
				CLANG_WARN_OBJC_IMPLICIT_RETAIN_SELF = YES;
				CLANG_WARN_OBJC_LITERAL_CONVERSION = YES;
				CLANG_WARN_OBJC_ROOT_CLASS = YES_ERROR;
				CLANG_WARN_RANGE_LOOP_ANALYSIS = YES;
				CLANG_WARN_STRICT_PROTOTYPES = YES;
				CLANG_WARN_SUSPICIOUS_MOVE = YES;
				CLANG_WARN_UNGUARDED_AVAILABILITY = YES_AGGRESSIVE;
				CLANG_WARN_UNREACHABLE_CODE = YES;
				CLANG_WARN__DUPLICATE_METHOD_MATCH = YES;
				COPY_PHASE_STRIP = NO;
				DEBUG_INFORMATION_FORMAT = "dwarf-with-dsym";
				ENABLE_NS_ASSERTIONS = NO;
				ENABLE_STRICT_OBJC_MSGSEND = YES;
				GCC_C_LANGUAGE_STANDARD = gnu11;
				GCC_NO_COMMON_BLOCKS = YES;
				GCC_WARN_64_TO_32_BIT_CONVERSION = YES;
				GCC_WARN_ABOUT_RETURN_TYPE = YES_ERROR;
				GCC_WARN_UNDECLARED_SELECTOR = YES;
				GCC_WARN_UNINITIALIZED_AUTOS = YES_AGGRESSIVE;
				GCC_WARN_UNUSED_FUNCTION = YES;
				GCC_WARN_UNUSED_VARIABLE = YES;
				IPHONEOS_DEPLOYMENT_TARGET = 13.2;
				MTL_ENABLE_DEBUG_INFO = NO;
				MTL_FAST_MATH = YES;
				SDKROOT = iphoneos;
				SWIFT_COMPILATION_MODE = wholemodule;
				SWIFT_OPTIMIZATION_LEVEL = "-O";
				VALIDATE_PRODUCT = YES;
			};
			name = Release;
		};
		45F2038B23811E0000B42831 /* Debug */ = {
			isa = XCBuildConfiguration;
			baseConfigurationReference = 80A2E208BBC6FEA8F66374B4 /* Pods-RxSwift-NewsApp-MVVM.debug.xcconfig */;
			buildSettings = {
				ASSETCATALOG_COMPILER_APPICON_NAME = AppIcon;
				CODE_SIGN_STYLE = Automatic;
				DEVELOPMENT_TEAM = LVR5UQEHBD;
				INFOPLIST_FILE = "RxSwift-NewsApp-MVVM/Other/Info.plist";
				LD_RUNPATH_SEARCH_PATHS = (
					"$(inherited)",
					"@executable_path/Frameworks",
				);
				PRODUCT_BUNDLE_IDENTIFIER = "com.kawahara.RxSwift-NewsApp-MVVM";
				PRODUCT_NAME = "$(TARGET_NAME)";
				SWIFT_VERSION = 5.0;
				TARGETED_DEVICE_FAMILY = 1;
			};
			name = Debug;
		};
		45F2038C23811E0000B42831 /* Release */ = {
			isa = XCBuildConfiguration;
			baseConfigurationReference = FBD8A50543D0CB7C8AEFCD85 /* Pods-RxSwift-NewsApp-MVVM.release.xcconfig */;
			buildSettings = {
				ASSETCATALOG_COMPILER_APPICON_NAME = AppIcon;
				CODE_SIGN_STYLE = Automatic;
				DEVELOPMENT_TEAM = LVR5UQEHBD;
				INFOPLIST_FILE = "RxSwift-NewsApp-MVVM/Other/Info.plist";
				LD_RUNPATH_SEARCH_PATHS = (
					"$(inherited)",
					"@executable_path/Frameworks",
				);
				PRODUCT_BUNDLE_IDENTIFIER = "com.kawahara.RxSwift-NewsApp-MVVM";
				PRODUCT_NAME = "$(TARGET_NAME)";
				SWIFT_VERSION = 5.0;
				TARGETED_DEVICE_FAMILY = 1;
			};
			name = Release;
		};
/* End XCBuildConfiguration section */

/* Begin XCConfigurationList section */
		45F2037123811DFC00B42831 /* Build configuration list for PBXProject "RxSwift-NewsApp-MVVM" */ = {
			isa = XCConfigurationList;
			buildConfigurations = (
				45F2038823811E0000B42831 /* Debug */,
				45F2038923811E0000B42831 /* Release */,
			);
			defaultConfigurationIsVisible = 0;
			defaultConfigurationName = Release;
		};
		45F2038A23811E0000B42831 /* Build configuration list for PBXNativeTarget "RxSwift-NewsApp-MVVM" */ = {
			isa = XCConfigurationList;
			buildConfigurations = (
				45F2038B23811E0000B42831 /* Debug */,
				45F2038C23811E0000B42831 /* Release */,
			);
			defaultConfigurationIsVisible = 0;
			defaultConfigurationName = Release;
		};
/* End XCConfigurationList section */
	};
	rootObject = 45F2036E23811DFC00B42831 /* Project object */;
}
